
Microsoft Visual Studio Solution File, Format Version 12.00
# Visual Studio 15
Project("{FAE04EC0-301F-11D3-BF4B-00C04F79EFBC}") = "GameFramework", "GameFramework.csproj", "{5432E606-C7E1-5F90-87A9-A04E550F474B}"
EndProject
Project("{FAE04EC0-301F-11D3-BF4B-00C04F79EFBC}") = "UnityGameFramework.Runtime", "UnityGameFramework.Runtime.csproj", "{AD35C4C6-1B9A-F403-4FD2-E2D0EA6B5E37}"
EndProject
Project("{FAE04EC0-301F-11D3-BF4B-00C04F79EFBC}") = "Assembly-CSharp", "Assembly-CSharp.csproj", "{9CCD097C-EDA0-92CC-DD0E-C8AB66D75BBC}"
EndProject
Project("{FAE04EC0-301F-11D3-BF4B-00C04F79EFBC}") = "Assembly-CSharp-firstpass", "Assembly-CSharp-firstpass.csproj", "{0C6EA714-B697-AD26-5264-8B68AFCED952}"
EndProject
Project("{FAE04EC0-301F-11D3-BF4B-00C04F79EFBC}") = "Assembly-CSharp-Editor", "Assembly-CSharp-Editor.csproj", "{9F4AEF76-4077-ECD6-AAB1-3E65EA3E40B2}"
EndProject
Project("{FAE04EC0-301F-11D3-BF4B-00C04F79EFBC}") = "UnityGameFramework.Editor", "UnityGameFramework.Editor.csproj", "{DB6454E7-353F-23E7-3A1B-A9DF8E29C616}"
EndProject
Global
	GlobalSection(SolutionConfigurationPlatforms) = preSolution
		Debug|Any CPU = Debug|Any CPU
		Release|Any CPU = Release|Any CPU
	EndGlobalSection
	GlobalSection(ProjectConfigurationPlatforms) = postSolution
		{5432E606-C7E1-5F90-87A9-A04E550F474B}.Debug|Any CPU.ActiveCfg = Debug|Any CPU
		{5432E606-C7E1-5F90-87A9-A04E550F474B}.Debug|Any CPU.Build.0 = Debug|Any CPU
		{5432E606-C7E1-5F90-87A9-A04E550F474B}.Release|Any CPU.ActiveCfg = Release|Any CPU
		{5432E606-C7E1-5F90-87A9-A04E550F474B}.Release|Any CPU.Build.0 = Release|Any CPU
		{AD35C4C6-1B9A-F403-4FD2-E2D0EA6B5E37}.Debug|Any CPU.ActiveCfg = Debug|Any CPU
		{AD35C4C6-1B9A-F403-4FD2-E2D0EA6B5E37}.Debug|Any CPU.Build.0 = Debug|Any CPU
		{AD35C4C6-1B9A-F403-4FD2-E2D0EA6B5E37}.Release|Any CPU.ActiveCfg = Release|Any CPU
		{AD35C4C6-1B9A-F403-4FD2-E2D0EA6B5E37}.Release|Any CPU.Build.0 = Release|Any CPU
		{9CCD097C-EDA0-92CC-DD0E-C8AB66D75BBC}.Debug|Any CPU.ActiveCfg = Debug|Any CPU
		{9CCD097C-EDA0-92CC-DD0E-C8AB66D75BBC}.Debug|Any CPU.Build.0 = Debug|Any CPU
		{9CCD097C-EDA0-92CC-DD0E-C8AB66D75BBC}.Release|Any CPU.ActiveCfg = Release|Any CPU
		{9CCD097C-EDA0-92CC-DD0E-C8AB66D75BBC}.Release|Any CPU.Build.0 = Release|Any CPU
		{0C6EA714-B697-AD26-5264-8B68AFCED952}.Debug|Any CPU.ActiveCfg = Debug|Any CPU
		{0C6EA714-B697-AD26-5264-8B68AFCED952}.Debug|Any CPU.Build.0 = Debug|Any CPU
		{0C6EA714-B697-AD26-5264-8B68AFCED952}.Release|Any CPU.ActiveCfg = Release|Any CPU
		{0C6EA714-B697-AD26-5264-8B68AFCED952}.Release|Any CPU.Build.0 = Release|Any CPU
		{9F4AEF76-4077-ECD6-AAB1-3E65EA3E40B2}.Debug|Any CPU.ActiveCfg = Debug|Any CPU
		{9F4AEF76-4077-ECD6-AAB1-3E65EA3E40B2}.Debug|Any CPU.Build.0 = Debug|Any CPU
		{9F4AEF76-4077-ECD6-AAB1-3E65EA3E40B2}.Release|Any CPU.ActiveCfg = Release|Any CPU
		{9F4AEF76-4077-ECD6-AAB1-3E65EA3E40B2}.Release|Any CPU.Build.0 = Release|Any CPU
		{DB6454E7-353F-23E7-3A1B-A9DF8E29C616}.Debug|Any CPU.ActiveCfg = Debug|Any CPU
		{DB6454E7-353F-23E7-3A1B-A9DF8E29C616}.Debug|Any CPU.Build.0 = Debug|Any CPU
		{DB6454E7-353F-23E7-3A1B-A9DF8E29C616}.Release|Any CPU.ActiveCfg = Release|Any CPU
		{DB6454E7-353F-23E7-3A1B-A9DF8E29C616}.Release|Any CPU.Build.0 = Release|Any CPU
	EndGlobalSection
	GlobalSection(SolutionProperties) = preSolution
		HideSolutionNode = FALSE
	EndGlobalSection
EndGlobal
